
Microsoft Visual Studio Solution File, Format Version 12.00
# Visual Studio Version 17
VisualStudioVersion = 17.14.36429.23 d17.14
MinimumVisualStudioVersion = 10.0.40219.1
Project("{FAE04EC0-301F-11D3-BF4B-00C04F79EFBC}") = "BibliotecaMetropolis", "BibliotecaMetropolis.csproj", "{FF92CF53-9D16-4DD9-A981-527A5511A56C}"
EndProject
Global
	GlobalSection(SolutionConfigurationPlatforms) = preSolution
		Debug|Any CPU = Debug|Any CPU
		Release|Any CPU = Release|Any CPU
	EndGlobalSection
	GlobalSection(ProjectConfigurationPlatforms) = postSolution
		{FF92CF53-9D16-4DD9-A981-527A5511A56C}.Debug|Any CPU.ActiveCfg = Debug|Any CPU
		{FF92CF53-9D16-4DD9-A981-527A5511A56C}.Debug|Any CPU.Build.0 = Debug|Any CPU
		{FF92CF53-9D16-4DD9-A981-527A5511A56C}.Release|Any CPU.ActiveCfg = Release|Any CPU
		{FF92CF53-9D16-4DD9-A981-527A5511A56C}.Release|Any CPU.Build.0 = Release|Any CPU
	EndGlobalSection
	GlobalSection(SolutionProperties) = preSolution
		HideSolutionNode = FALSE
	EndGlobalSection
	GlobalSection(ExtensibilityGlobals) = postSolution
		SolutionGuid = {3A4E24D0-5BE7-4D71-AAD7-D1A67DB345AB}
	EndGlobalSection
EndGlobal
